
Microsoft Visual Studio Solution File, Format Version 12.00
Project("{FAE04EC0-301F-11D3-BF4B-00C04F79EFBC}") = "Ertis.App", "Ertis.App\Ertis.App.csproj", "{2DE32266-9C85-4781-ADC8-B847FCE3102F}"
EndProject
Project("{FAE04EC0-301F-11D3-BF4B-00C04F79EFBC}") = "Ertis.NLP", "Ertis.NLP\Ertis.NLP.csproj", "{C8C8A256-B409-47CE-A8EA-A594B6B50A29}"
EndProject
Project("{FAE04EC0-301F-11D3-BF4B-00C04F79EFBC}") = "Ertis.NLP.Tests", "Ertis.NLP.Tests\Ertis.NLP.Tests.csproj", "{22AF2A50-BDD6-4A2A-BF28-334C9676AF8B}"
EndProject
Global
	GlobalSection(SolutionConfigurationPlatforms) = preSolution
		Debug|Any CPU = Debug|Any CPU
		Release|Any CPU = Release|Any CPU
	EndGlobalSection
	GlobalSection(ProjectConfigurationPlatforms) = postSolution
		{2DE32266-9C85-4781-ADC8-B847FCE3102F}.Debug|Any CPU.ActiveCfg = Debug|Any CPU
		{2DE32266-9C85-4781-ADC8-B847FCE3102F}.Debug|Any CPU.Build.0 = Debug|Any CPU
		{2DE32266-9C85-4781-ADC8-B847FCE3102F}.Release|Any CPU.ActiveCfg = Release|Any CPU
		{2DE32266-9C85-4781-ADC8-B847FCE3102F}.Release|Any CPU.Build.0 = Release|Any CPU
		{C8C8A256-B409-47CE-A8EA-A594B6B50A29}.Debug|Any CPU.ActiveCfg = Debug|Any CPU
		{C8C8A256-B409-47CE-A8EA-A594B6B50A29}.Debug|Any CPU.Build.0 = Debug|Any CPU
		{C8C8A256-B409-47CE-A8EA-A594B6B50A29}.Release|Any CPU.ActiveCfg = Release|Any CPU
		{C8C8A256-B409-47CE-A8EA-A594B6B50A29}.Release|Any CPU.Build.0 = Release|Any CPU
		{22AF2A50-BDD6-4A2A-BF28-334C9676AF8B}.Debug|Any CPU.ActiveCfg = Debug|Any CPU
		{22AF2A50-BDD6-4A2A-BF28-334C9676AF8B}.Debug|Any CPU.Build.0 = Debug|Any CPU
		{22AF2A50-BDD6-4A2A-BF28-334C9676AF8B}.Release|Any CPU.ActiveCfg = Release|Any CPU
		{22AF2A50-BDD6-4A2A-BF28-334C9676AF8B}.Release|Any CPU.Build.0 = Release|Any CPU
	EndGlobalSection
EndGlobal
